
Microsoft Visual Studio Solution File, Format Version 12.00
Project("{FAE04EC0-301F-11D3-BF4B-00C04F79EFBC}") = "Simbir.GO.Domain", "Simbir.GO.Domain\Simbir.GO.Domain.csproj", "{8764807B-BC1A-41E3-824E-9E5DB15F0E33}"
EndProject
Project("{FAE04EC0-301F-11D3-BF4B-00C04F79EFBC}") = "Simbir.GO.API", "Simbir.GO.API\Simbir.GO.API.csproj", "{873E386B-ADD8-4551-B6D2-D63A2525FC1D}"
EndProject
Project("{FAE04EC0-301F-11D3-BF4B-00C04F79EFBC}") = "Simbir.GO.Infrastructure", "Simbir.GO.Infrastructure\Simbir.GO.Infrastructure.csproj", "{AD0518D5-A75C-42A5-B2C2-240D9242AEE1}"
EndProject
Project("{FAE04EC0-301F-11D3-BF4B-00C04F79EFBC}") = "Simbir.GO.Application", "Simbir.GO.Application\Simbir.GO.Application.csproj", "{29E6539C-C99C-438A-A8A8-446EA950EB24}"
EndProject
Project("{FAE04EC0-301F-11D3-BF4B-00C04F79EFBC}") = "Simbir.GO.Shared", "Simbir.GO.Shared\Simbir.GO.Shared.csproj", "{1EFA7A0D-417C-4164-ACBA-95CC1B5C189C}"
EndProject
Project("{2150E333-8FDC-42A3-9474-1A3956D46DE8}") = "src", "src", "{883A3BAB-4F1D-4EDA-B2ED-79A9D7F61F1B}"
EndProject
Project("{2150E333-8FDC-42A3-9474-1A3956D46DE8}") = "common", "common", "{510C67CF-0E5F-44BB-AA5F-7FA7D641E3C8}"
	ProjectSection(SolutionItems) = preProject
		Directory.Build.props = Directory.Build.props
	EndProjectSection
EndProject
Global
	GlobalSection(SolutionConfigurationPlatforms) = preSolution
		Debug|Any CPU = Debug|Any CPU
		Release|Any CPU = Release|Any CPU
	EndGlobalSection
	GlobalSection(ProjectConfigurationPlatforms) = postSolution
		{8764807B-BC1A-41E3-824E-9E5DB15F0E33}.Debug|Any CPU.ActiveCfg = Debug|Any CPU
		{8764807B-BC1A-41E3-824E-9E5DB15F0E33}.Debug|Any CPU.Build.0 = Debug|Any CPU
		{8764807B-BC1A-41E3-824E-9E5DB15F0E33}.Release|Any CPU.ActiveCfg = Release|Any CPU
		{8764807B-BC1A-41E3-824E-9E5DB15F0E33}.Release|Any CPU.Build.0 = Release|Any CPU
		{873E386B-ADD8-4551-B6D2-D63A2525FC1D}.Debug|Any CPU.ActiveCfg = Debug|Any CPU
		{873E386B-ADD8-4551-B6D2-D63A2525FC1D}.Debug|Any CPU.Build.0 = Debug|Any CPU
		{873E386B-ADD8-4551-B6D2-D63A2525FC1D}.Release|Any CPU.ActiveCfg = Release|Any CPU
		{873E386B-ADD8-4551-B6D2-D63A2525FC1D}.Release|Any CPU.Build.0 = Release|Any CPU
		{AD0518D5-A75C-42A5-B2C2-240D9242AEE1}.Debug|Any CPU.ActiveCfg = Debug|Any CPU
		{AD0518D5-A75C-42A5-B2C2-240D9242AEE1}.Debug|Any CPU.Build.0 = Debug|Any CPU
		{AD0518D5-A75C-42A5-B2C2-240D9242AEE1}.Release|Any CPU.ActiveCfg = Release|Any CPU
		{AD0518D5-A75C-42A5-B2C2-240D9242AEE1}.Release|Any CPU.Build.0 = Release|Any CPU
		{29E6539C-C99C-438A-A8A8-446EA950EB24}.Debug|Any CPU.ActiveCfg = Debug|Any CPU
		{29E6539C-C99C-438A-A8A8-446EA950EB24}.Debug|Any CPU.Build.0 = Debug|Any CPU
		{29E6539C-C99C-438A-A8A8-446EA950EB24}.Release|Any CPU.ActiveCfg = Release|Any CPU
		{29E6539C-C99C-438A-A8A8-446EA950EB24}.Release|Any CPU.Build.0 = Release|Any CPU
		{1EFA7A0D-417C-4164-ACBA-95CC1B5C189C}.Debug|Any CPU.ActiveCfg = Debug|Any CPU
		{1EFA7A0D-417C-4164-ACBA-95CC1B5C189C}.Debug|Any CPU.Build.0 = Debug|Any CPU
		{1EFA7A0D-417C-4164-ACBA-95CC1B5C189C}.Release|Any CPU.ActiveCfg = Release|Any CPU
		{1EFA7A0D-417C-4164-ACBA-95CC1B5C189C}.Release|Any CPU.Build.0 = Release|Any CPU
	EndGlobalSection
	GlobalSection(NestedProjects) = preSolution
		{873E386B-ADD8-4551-B6D2-D63A2525FC1D} = {883A3BAB-4F1D-4EDA-B2ED-79A9D7F61F1B}
		{29E6539C-C99C-438A-A8A8-446EA950EB24} = {883A3BAB-4F1D-4EDA-B2ED-79A9D7F61F1B}
		{8764807B-BC1A-41E3-824E-9E5DB15F0E33} = {883A3BAB-4F1D-4EDA-B2ED-79A9D7F61F1B}
		{AD0518D5-A75C-42A5-B2C2-240D9242AEE1} = {883A3BAB-4F1D-4EDA-B2ED-79A9D7F61F1B}
		{1EFA7A0D-417C-4164-ACBA-95CC1B5C189C} = {883A3BAB-4F1D-4EDA-B2ED-79A9D7F61F1B}
	EndGlobalSection
EndGlobal
